
Microsoft Visual Studio Solution File, Format Version 12.00
# Visual Studio Version 16
VisualStudioVersion = 16.0.30002.166
MinimumVisualStudioVersion = 10.0.40219.1
Project("{FAE04EC0-301F-11D3-BF4B-00C04F79EFBC}") = "ProductivityTools.Purchases.AF", "ProductivityTools.Purchases.AF\ProductivityTools.Purchases.AF.csproj", "{F9333E85-C173-4086-B78E-66D6AABD10BE}"
EndProject
Global
	GlobalSection(SolutionConfigurationPlatforms) = preSolution
		Debug|Any CPU = Debug|Any CPU
		Release|Any CPU = Release|Any CPU
	EndGlobalSection
	GlobalSection(ProjectConfigurationPlatforms) = postSolution
		{F9333E85-C173-4086-B78E-66D6AABD10BE}.Debug|Any CPU.ActiveCfg = Debug|Any CPU
		{F9333E85-C173-4086-B78E-66D6AABD10BE}.Debug|Any CPU.Build.0 = Debug|Any CPU
		{F9333E85-C173-4086-B78E-66D6AABD10BE}.Release|Any CPU.ActiveCfg = Release|Any CPU
		{F9333E85-C173-4086-B78E-66D6AABD10BE}.Release|Any CPU.Build.0 = Release|Any CPU
	EndGlobalSection
	GlobalSection(SolutionProperties) = preSolution
		HideSolutionNode = FALSE
	EndGlobalSection
	GlobalSection(ExtensibilityGlobals) = postSolution
		SolutionGuid = {841F6EDC-AF9A-451B-950E-6AF38F2CA7E5}
	EndGlobalSection
EndGlobal
